
Microsoft Visual Studio Solution File, Format Version 12.00
# Visual Studio Version 17
VisualStudioVersion = 17.5.33516.290
MinimumVisualStudioVersion = 10.0.40219.1
Project("{9A19103F-16F7-4668-BE54-9A1E7A4F7556}") = "OrderManagementWinForm", "OrderManagementWinForm.csproj", "{56BA4858-A7E6-40E2-BFD2-5F605EA3C9B2}"
EndProject
Project("{9A19103F-16F7-4668-BE54-9A1E7A4F7556}") = "Orders", "..\..\homework-005\Orders\Orders.csproj", "{9E5FFBB5-9113-4435-8F50-CBF08A5ED50F}"
EndProject
Global
	GlobalSection(SolutionConfigurationPlatforms) = preSolution
		Debug|Any CPU = Debug|Any CPU
		Release|Any CPU = Release|Any CPU
	EndGlobalSection
	GlobalSection(ProjectConfigurationPlatforms) = postSolution
		{56BA4858-A7E6-40E2-BFD2-5F605EA3C9B2}.Debug|Any CPU.ActiveCfg = Debug|Any CPU
		{56BA4858-A7E6-40E2-BFD2-5F605EA3C9B2}.Debug|Any CPU.Build.0 = Debug|Any CPU
		{56BA4858-A7E6-40E2-BFD2-5F605EA3C9B2}.Release|Any CPU.ActiveCfg = Release|Any CPU
		{56BA4858-A7E6-40E2-BFD2-5F605EA3C9B2}.Release|Any CPU.Build.0 = Release|Any CPU
		{9E5FFBB5-9113-4435-8F50-CBF08A5ED50F}.Debug|Any CPU.ActiveCfg = Debug|Any CPU
		{9E5FFBB5-9113-4435-8F50-CBF08A5ED50F}.Debug|Any CPU.Build.0 = Debug|Any CPU
		{9E5FFBB5-9113-4435-8F50-CBF08A5ED50F}.Release|Any CPU.ActiveCfg = Release|Any CPU
		{9E5FFBB5-9113-4435-8F50-CBF08A5ED50F}.Release|Any CPU.Build.0 = Release|Any CPU
	EndGlobalSection
	GlobalSection(SolutionProperties) = preSolution
		HideSolutionNode = FALSE
	EndGlobalSection
	GlobalSection(ExtensibilityGlobals) = postSolution
		SolutionGuid = {3907888E-F66B-4A5D-9FB9-1DF5BF9584AD}
	EndGlobalSection
EndGlobal
