
Microsoft Visual Studio Solution File, Format Version 12.00
# Visual Studio Version 17
VisualStudioVersion = 17.5.33516.290
MinimumVisualStudioVersion = 10.0.40219.1
Project("{FAE04EC0-301F-11D3-BF4B-00C04F79EFBC}") = "OrderWinform", "OrderWinform.csproj", "{026CC745-2DBC-4DAB-9DA5-9BAEE5B6B42D}"
EndProject
Global
	GlobalSection(SolutionConfigurationPlatforms) = preSolution
		Debug|Any CPU = Debug|Any CPU
		Release|Any CPU = Release|Any CPU
	EndGlobalSection
	GlobalSection(ProjectConfigurationPlatforms) = postSolution
		{026CC745-2DBC-4DAB-9DA5-9BAEE5B6B42D}.Debug|Any CPU.ActiveCfg = Debug|Any CPU
		{026CC745-2DBC-4DAB-9DA5-9BAEE5B6B42D}.Debug|Any CPU.Build.0 = Debug|Any CPU
		{026CC745-2DBC-4DAB-9DA5-9BAEE5B6B42D}.Release|Any CPU.ActiveCfg = Release|Any CPU
		{026CC745-2DBC-4DAB-9DA5-9BAEE5B6B42D}.Release|Any CPU.Build.0 = Release|Any CPU
	EndGlobalSection
	GlobalSection(SolutionProperties) = preSolution
		HideSolutionNode = FALSE
	EndGlobalSection
	GlobalSection(ExtensibilityGlobals) = postSolution
		SolutionGuid = {1DB2FB8B-503C-44A3-8E48-A85BD4D65190}
	EndGlobalSection
EndGlobal
